// !$*UTF8*$!
{
       archiveVersion = 1;
       classes = {
       };
       objectVersion = 46;
       objects = {

/* Begin PBXAggregateTarget section */
              E57AC7C4A3994DDD8843C007 /* ALL_BUILD */ = {
                     isa = PBXAggregateTarget;
                     buildConfigurationList = 395953D66C0941EEBF9D6198 /* Build configuration list for PBXAggregateTarget "ALL_BUILD" */;
                     buildPhases = (
                            15E942A7DC154FA283270E8F /* CMake Rules */,
                     );
                     dependencies = (
                            B1CFACDA9B654EE198889764 /* PBXTargetDependency */,
                            9BC88E0119E74361B5279303 /* PBXTargetDependency */,
                     );
                     name = ALL_BUILD;
                     productName = ALL_BUILD;
              };
              A5DF57E3C37045F2938D8411 /* ZERO_CHECK */ = {
                     isa = PBXAggregateTarget;
                     buildConfigurationList = 68B1A74C0BC24D9195DF5B5A /* Build configuration list for PBXAggregateTarget "ZERO_CHECK" */;
                     buildPhases = (
                            D3DF5673BE1048FCAA9FB470 /* CMake Rules */,
                     );
                     dependencies = (
                     );
                     name = ZERO_CHECK;
                     productName = ZERO_CHECK;
              };
/* End PBXAggregateTarget section */

/* Begin PBXBuildFile section */
A6A9A97BC63640CA8735A975 /* /Users/lirichard/Developer/SourceCodes/github/readEDID/readEDID/readEDID/CMakeLists.txt */ = {isa = PBXBuildFile; fileRef = 53A678CEA3AF454E95C01AA6 /* /Users/lirichard/Developer/SourceCodes/github/readEDID/readEDID/readEDID/CMakeLists.txt */; settings = { COMPILER_FLAGS = ""; }; };
E208D7168A684436B01A5004 /* /Users/lirichard/Developer/SourceCodes/github/readEDID/readEDID/readEDID/bless_private.h */ = {isa = PBXBuildFile; fileRef = B752C7A4A67446CCA23C7F0A /* /Users/lirichard/Developer/SourceCodes/github/readEDID/readEDID/readEDID/bless_private.h */; settings = { COMPILER_FLAGS = ""; }; };
BCF6BED55E294AE5870B22B6 /* /Users/lirichard/Developer/SourceCodes/github/readEDID/readEDID/readEDID/blessedid.h */ = {isa = PBXBuildFile; fileRef = ECB23C1E6E9748F1909BEA9D /* /Users/lirichard/Developer/SourceCodes/github/readEDID/readEDID/readEDID/blessedid.h */; settings = { COMPILER_FLAGS = ""; }; };
F59E9434351A4E38B94B8507 /* /Users/lirichard/Developer/SourceCodes/github/readEDID/readEDID/readEDID/enums.h */ = {isa = PBXBuildFile; fileRef = B221FBA783DD4E3FB8FFA48A /* /Users/lirichard/Developer/SourceCodes/github/readEDID/readEDID/readEDID/enums.h */; settings = { COMPILER_FLAGS = ""; }; };
6FCFC40900D144B0AECC25C9 /* /Users/lirichard/Developer/SourceCodes/github/readEDID/readEDID/readEDID/handDisplayAll.c */ = {isa = PBXBuildFile; fileRef = 9E5E205887F049B5965C78F8 /* /Users/lirichard/Developer/SourceCodes/github/readEDID/readEDID/readEDID/handDisplayAll.c */; settings = { COMPILER_FLAGS = ""; }; };
86B772A06F184CEA953CA2D1 /* /Users/lirichard/Developer/SourceCodes/github/readEDID/readEDID/readEDID/handDisplayNormal.c */ = {isa = PBXBuildFile; fileRef = 0285F12FC3E34310940CD044 /* /Users/lirichard/Developer/SourceCodes/github/readEDID/readEDID/readEDID/handDisplayNormal.c */; settings = { COMPILER_FLAGS = ""; }; };
19BCBAF4B03D40A49E16C426 /* /Users/lirichard/Developer/SourceCodes/github/readEDID/readEDID/readEDID/handDisplayProductID.c */ = {isa = PBXBuildFile; fileRef = 030464BFFD004A49B2E1D458 /* /Users/lirichard/Developer/SourceCodes/github/readEDID/readEDID/readEDID/handDisplayProductID.c */; settings = { COMPILER_FLAGS = ""; }; };
834E1279ABAD4315B1053025 /* /Users/lirichard/Developer/SourceCodes/github/readEDID/readEDID/readEDID/handEDID.c */ = {isa = PBXBuildFile; fileRef = EE74DFDEFD194A7390603D75 /* /Users/lirichard/Developer/SourceCodes/github/readEDID/readEDID/readEDID/handEDID.c */; settings = { COMPILER_FLAGS = ""; }; };
89657C44503A4761803F180B /* /Users/lirichard/Developer/SourceCodes/github/readEDID/readEDID/readEDID/main.c */ = {isa = PBXBuildFile; fileRef = 482CD35BE5654FA581477B26 /* /Users/lirichard/Developer/SourceCodes/github/readEDID/readEDID/readEDID/main.c */; settings = { COMPILER_FLAGS = ""; }; };
C6D9D03F390A421F8CB31696 /* /Users/lirichard/Developer/SourceCodes/github/readEDID/readEDID/readEDID/modes.h */ = {isa = PBXBuildFile; fileRef = 623E5FA4562948669643961C /* /Users/lirichard/Developer/SourceCodes/github/readEDID/readEDID/readEDID/modes.h */; settings = { COMPILER_FLAGS = ""; }; };
837B7D06DEDF4A90B98B06B4 /* /Users/lirichard/Developer/SourceCodes/github/readEDID/readEDID/readEDID/output.c */ = {isa = PBXBuildFile; fileRef = CD886564F5104890B174386E /* /Users/lirichard/Developer/SourceCodes/github/readEDID/readEDID/readEDID/output.c */; settings = { COMPILER_FLAGS = ""; }; };
2F30FADC57CC43749C5F6188 /* /Users/lirichard/Developer/SourceCodes/github/readEDID/readEDID/readEDID/protos.h */ = {isa = PBXBuildFile; fileRef = 5DE70A81564A4635B25BD7D5 /* /Users/lirichard/Developer/SourceCodes/github/readEDID/readEDID/readEDID/protos.h */; settings = { COMPILER_FLAGS = ""; }; };
9AC89854D76F4A518FD4CE45 /* /Users/lirichard/Developer/SourceCodes/github/readEDID/readEDID/readEDID/structs.h */ = {isa = PBXBuildFile; fileRef = C91FE2014D874A9B9C0EE07E /* /Users/lirichard/Developer/SourceCodes/github/readEDID/readEDID/readEDID/structs.h */; settings = { COMPILER_FLAGS = ""; }; };
A9832FC97FCF4E55AE64EBD6 /* /Users/lirichard/Developer/SourceCodes/github/readEDID/readEDID/readEDID/usage.c */ = {isa = PBXBuildFile; fileRef = B0020CCDDC2548B4ADED7D86 /* /Users/lirichard/Developer/SourceCodes/github/readEDID/readEDID/readEDID/usage.c */; settings = { COMPILER_FLAGS = ""; }; };
/* End PBXBuildFile section */

/* Begin PBXBuildStyle section */
              9439904DC04C4C5F94FA3653 /*  */ = {
                     isa = PBXBuildStyle;
              };
              EC59F1D7F8714A5EB557AA9C /* Debug */ = {
                     isa = PBXBuildStyle;
                     buildSettings = {
                            COPY_PHASE_STRIP = NO;
                     };
                     name = Debug;
              };
              A2A825FAB9D54AF79FF143C8 /* Release */ = {
                     isa = PBXBuildStyle;
                     buildSettings = {
                            COPY_PHASE_STRIP = NO;
                     };
                     name = Release;
              };
              7E44405B06334B899F78000C /* MinSizeRel */ = {
                     isa = PBXBuildStyle;
                     buildSettings = {
                            COPY_PHASE_STRIP = NO;
                     };
                     name = MinSizeRel;
              };
              A1CC96D52044435BA1E44F0E /* RelWithDebInfo */ = {
                     isa = PBXBuildStyle;
                     buildSettings = {
                            COPY_PHASE_STRIP = NO;
                     };
                     name = RelWithDebInfo;
              };
/* End PBXBuildStyle section */

/* Begin PBXContainerItemProxy section */
              5FCA63418CF640CABDDD1482 /* PBXContainerItemProxy */ = {
                     isa = PBXContainerItemProxy;
                     containerPortal = E7637BEFFA87457FBBA8AA73 /* Project object */;
                     proxyType = 1;
                     remoteGlobalIDString = 9974A664C4BC4B8B91054066;
                     remoteInfo = readedid;
              };
              78D5730671974E6B8B41C5DB /* PBXContainerItemProxy */ = {
                     isa = PBXContainerItemProxy;
                     containerPortal = E7637BEFFA87457FBBA8AA73 /* Project object */;
                     proxyType = 1;
                     remoteGlobalIDString = A5DF57E3C37045F2938D8411;
                     remoteInfo = ZERO_CHECK;
              };
              8A68ED206E764C9BB79F606A /* PBXContainerItemProxy */ = {
                     isa = PBXContainerItemProxy;
                     containerPortal = E7637BEFFA87457FBBA8AA73 /* Project object */;
                     proxyType = 1;
                     remoteGlobalIDString = A5DF57E3C37045F2938D8411;
                     remoteInfo = ZERO_CHECK;
              };
/* End PBXContainerItemProxy section */

/* Begin PBXFileReference section */
E7AB4BC3C2494CFDB120EC24 /* /Users/lirichard/Developer/SourceCodes/github/readEDID/readEDID/CMakeLists.txt */ = {isa = PBXFileReference; explicitFileType = "sourcecode.text"; fileEncoding = 4; name = "CMakeLists.txt"; path = "CMakeLists.txt"; sourceTree = SOURCE_ROOT; };
91D590E553734E89A86BFC6B /* /Users/lirichard/Developer/SourceCodes/github/readEDID/readEDID/CMakeLists.txt */ = {isa = PBXFileReference; explicitFileType = "sourcecode.text"; fileEncoding = 4; name = "CMakeLists.txt"; path = "CMakeLists.txt"; sourceTree = SOURCE_ROOT; };
53A678CEA3AF454E95C01AA6 /* /Users/lirichard/Developer/SourceCodes/github/readEDID/readEDID/readEDID/CMakeLists.txt */ = {isa = PBXFileReference; explicitFileType = "sourcecode.text"; fileEncoding = 4; name = "CMakeLists.txt"; path = "readEDID/CMakeLists.txt"; sourceTree = SOURCE_ROOT; };
B752C7A4A67446CCA23C7F0A /* /Users/lirichard/Developer/SourceCodes/github/readEDID/readEDID/readEDID/bless_private.h */ = {isa = PBXFileReference; explicitFileType = "sourcecode.c.h"; fileEncoding = 4; name = "bless_private.h"; path = "readEDID/bless_private.h"; sourceTree = SOURCE_ROOT; };
ECB23C1E6E9748F1909BEA9D /* /Users/lirichard/Developer/SourceCodes/github/readEDID/readEDID/readEDID/blessedid.h */ = {isa = PBXFileReference; explicitFileType = "sourcecode.c.h"; fileEncoding = 4; name = "blessedid.h"; path = "readEDID/blessedid.h"; sourceTree = SOURCE_ROOT; };
B221FBA783DD4E3FB8FFA48A /* /Users/lirichard/Developer/SourceCodes/github/readEDID/readEDID/readEDID/enums.h */ = {isa = PBXFileReference; explicitFileType = "sourcecode.c.h"; fileEncoding = 4; name = "enums.h"; path = "readEDID/enums.h"; sourceTree = SOURCE_ROOT; };
9E5E205887F049B5965C78F8 /* /Users/lirichard/Developer/SourceCodes/github/readEDID/readEDID/readEDID/handDisplayAll.c */ = {isa = PBXFileReference; explicitFileType = "sourcecode.c.c"; fileEncoding = 4; name = "handDisplayAll.c"; path = "readEDID/handDisplayAll.c"; sourceTree = SOURCE_ROOT; };
0285F12FC3E34310940CD044 /* /Users/lirichard/Developer/SourceCodes/github/readEDID/readEDID/readEDID/handDisplayNormal.c */ = {isa = PBXFileReference; explicitFileType = "sourcecode.c.c"; fileEncoding = 4; name = "handDisplayNormal.c"; path = "readEDID/handDisplayNormal.c"; sourceTree = SOURCE_ROOT; };
030464BFFD004A49B2E1D458 /* /Users/lirichard/Developer/SourceCodes/github/readEDID/readEDID/readEDID/handDisplayProductID.c */ = {isa = PBXFileReference; explicitFileType = "sourcecode.c.c"; fileEncoding = 4; name = "handDisplayProductID.c"; path = "readEDID/handDisplayProductID.c"; sourceTree = SOURCE_ROOT; };
EE74DFDEFD194A7390603D75 /* /Users/lirichard/Developer/SourceCodes/github/readEDID/readEDID/readEDID/handEDID.c */ = {isa = PBXFileReference; explicitFileType = "sourcecode.c.c"; fileEncoding = 4; name = "handEDID.c"; path = "readEDID/handEDID.c"; sourceTree = SOURCE_ROOT; };
482CD35BE5654FA581477B26 /* /Users/lirichard/Developer/SourceCodes/github/readEDID/readEDID/readEDID/main.c */ = {isa = PBXFileReference; explicitFileType = "sourcecode.c.c"; fileEncoding = 4; name = "main.c"; path = "readEDID/main.c"; sourceTree = SOURCE_ROOT; };
623E5FA4562948669643961C /* /Users/lirichard/Developer/SourceCodes/github/readEDID/readEDID/readEDID/modes.h */ = {isa = PBXFileReference; explicitFileType = "sourcecode.c.h"; fileEncoding = 4; name = "modes.h"; path = "readEDID/modes.h"; sourceTree = SOURCE_ROOT; };
CD886564F5104890B174386E /* /Users/lirichard/Developer/SourceCodes/github/readEDID/readEDID/readEDID/output.c */ = {isa = PBXFileReference; explicitFileType = "sourcecode.c.c"; fileEncoding = 4; name = "output.c"; path = "readEDID/output.c"; sourceTree = SOURCE_ROOT; };
5DE70A81564A4635B25BD7D5 /* /Users/lirichard/Developer/SourceCodes/github/readEDID/readEDID/readEDID/protos.h */ = {isa = PBXFileReference; explicitFileType = "sourcecode.c.h"; fileEncoding = 4; name = "protos.h"; path = "readEDID/protos.h"; sourceTree = SOURCE_ROOT; };
C91FE2014D874A9B9C0EE07E /* /Users/lirichard/Developer/SourceCodes/github/readEDID/readEDID/readEDID/structs.h */ = {isa = PBXFileReference; explicitFileType = "sourcecode.c.h"; fileEncoding = 4; name = "structs.h"; path = "readEDID/structs.h"; sourceTree = SOURCE_ROOT; };
B0020CCDDC2548B4ADED7D86 /* /Users/lirichard/Developer/SourceCodes/github/readEDID/readEDID/readEDID/usage.c */ = {isa = PBXFileReference; explicitFileType = "sourcecode.c.c"; fileEncoding = 4; name = "usage.c"; path = "readEDID/usage.c"; sourceTree = SOURCE_ROOT; };
077DF617266B412AB5FF8E84 /* readedid */ = {isa = PBXFileReference; explicitFileType = "compiled.mach-o.executable"; path = readedid; refType = 0; sourceTree = BUILT_PRODUCTS_DIR; };
/* End PBXFileReference section */

/* Begin PBXGroup section */
              0E366CFCCEE144B09DD25496  = {
                     isa = PBXGroup;
                     children = (
                            C5DEA79CC6094C8E83CA2E66 /* Sources */,
                            D471E716FB14467AB6A9A1B8 /* Resources */,
                            0B45D33EC0BA4ABF9A5EF7DD /* Products */,
                     );
                     sourceTree = "<group>";
              };
              C5DEA79CC6094C8E83CA2E66 /* Sources */ = {
                     isa = PBXGroup;
                     children = (
                            735E05471B7348E18EEE03B2 /* ALL_BUILD */,
                            3D1CA303207F4E9E82A8E288 /* ZERO_CHECK */,
                            8ADBCCCC240D4014B3A05A47 /* readedid */,
                     );
                     name = Sources;
                     sourceTree = "<group>";
              };
              D471E716FB14467AB6A9A1B8 /* Resources */ = {
                     isa = PBXGroup;
                     children = (
                     );
                     name = Resources;
                     sourceTree = "<group>";
              };
              735E05471B7348E18EEE03B2 /* ALL_BUILD */ = {
                     isa = PBXGroup;
                     children = (
                            55CC98B3C401421CA0B6EF5A /* CMake Rules */,
                            E7AB4BC3C2494CFDB120EC24 /* /Users/lirichard/Developer/SourceCodes/github/readEDID/readEDID/CMakeLists.txt */,
                     );
                     name = ALL_BUILD;
                     sourceTree = "<group>";
              };
              55CC98B3C401421CA0B6EF5A /* CMake Rules */ = {
                     isa = PBXGroup;
                     children = (
                     );
                     name = "CMake Rules";
                     sourceTree = "<group>";
              };
              3D1CA303207F4E9E82A8E288 /* ZERO_CHECK */ = {
                     isa = PBXGroup;
                     children = (
                            F5833226870E48AA8FAE1066 /* CMake Rules */,
                            91D590E553734E89A86BFC6B /* /Users/lirichard/Developer/SourceCodes/github/readEDID/readEDID/CMakeLists.txt */,
                     );
                     name = ZERO_CHECK;
                     sourceTree = "<group>";
              };
              F5833226870E48AA8FAE1066 /* CMake Rules */ = {
                     isa = PBXGroup;
                     children = (
                     );
                     name = "CMake Rules";
                     sourceTree = "<group>";
              };
              8ADBCCCC240D4014B3A05A47 /* readedid */ = {
                     isa = PBXGroup;
                     children = (
                            0D93DA4A982A421BBF6D48FE /* Source Files */,
                            D137C3EF405646C090C34B0F /* Header Files */,
                            53A678CEA3AF454E95C01AA6 /* /Users/lirichard/Developer/SourceCodes/github/readEDID/readEDID/readEDID/CMakeLists.txt */,
                     );
                     name = readedid;
                     sourceTree = "<group>";
              };
              0D93DA4A982A421BBF6D48FE /* Source Files */ = {
                     isa = PBXGroup;
                     children = (
                            9E5E205887F049B5965C78F8 /* /Users/lirichard/Developer/SourceCodes/github/readEDID/readEDID/readEDID/handDisplayAll.c */,
                            0285F12FC3E34310940CD044 /* /Users/lirichard/Developer/SourceCodes/github/readEDID/readEDID/readEDID/handDisplayNormal.c */,
                            030464BFFD004A49B2E1D458 /* /Users/lirichard/Developer/SourceCodes/github/readEDID/readEDID/readEDID/handDisplayProductID.c */,
                            EE74DFDEFD194A7390603D75 /* /Users/lirichard/Developer/SourceCodes/github/readEDID/readEDID/readEDID/handEDID.c */,
                            482CD35BE5654FA581477B26 /* /Users/lirichard/Developer/SourceCodes/github/readEDID/readEDID/readEDID/main.c */,
                            CD886564F5104890B174386E /* /Users/lirichard/Developer/SourceCodes/github/readEDID/readEDID/readEDID/output.c */,
                            B0020CCDDC2548B4ADED7D86 /* /Users/lirichard/Developer/SourceCodes/github/readEDID/readEDID/readEDID/usage.c */,
                     );
                     name = "Source Files";
                     sourceTree = "<group>";
              };
              D137C3EF405646C090C34B0F /* Header Files */ = {
                     isa = PBXGroup;
                     children = (
                            B752C7A4A67446CCA23C7F0A /* /Users/lirichard/Developer/SourceCodes/github/readEDID/readEDID/readEDID/bless_private.h */,
                            ECB23C1E6E9748F1909BEA9D /* /Users/lirichard/Developer/SourceCodes/github/readEDID/readEDID/readEDID/blessedid.h */,
                            B221FBA783DD4E3FB8FFA48A /* /Users/lirichard/Developer/SourceCodes/github/readEDID/readEDID/readEDID/enums.h */,
                            623E5FA4562948669643961C /* /Users/lirichard/Developer/SourceCodes/github/readEDID/readEDID/readEDID/modes.h */,
                            5DE70A81564A4635B25BD7D5 /* /Users/lirichard/Developer/SourceCodes/github/readEDID/readEDID/readEDID/protos.h */,
                            C91FE2014D874A9B9C0EE07E /* /Users/lirichard/Developer/SourceCodes/github/readEDID/readEDID/readEDID/structs.h */,
                     );
                     name = "Header Files";
                     sourceTree = "<group>";
              };
              0B45D33EC0BA4ABF9A5EF7DD /* Products */ = {
                     isa = PBXGroup;
                     children = (
                            077DF617266B412AB5FF8E84 /* readedid */,
                     );
                     name = Products;
                     sourceTree = "<group>";
              };
/* End PBXGroup section */

/* Begin PBXNativeTarget section */
              9974A664C4BC4B8B91054066 /* readedid */ = {
                     isa = PBXNativeTarget;
                     buildConfigurationList = AB90710723EC4AFBA69F505B /* Build configuration list for PBXNativeTarget "readedid" */;
                     buildPhases = (
                            C35652CB36F54349A660D41D /* Sources */,
                     );
                     buildRules = (
                     );
                     dependencies = (
                            584CF16EE089448C83A603A8 /* PBXTargetDependency */,
                     );
                     name = readedid;
                     productName = readedid;
                     productReference = 077DF617266B412AB5FF8E84 /* readedid */;
                     productType = "com.apple.product-type.tool";
              };
/* End PBXNativeTarget section */

/* Begin PBXProject section */
              E7637BEFFA87457FBBA8AA73 /* Project object */ = {
                     isa = PBXProject;
                     attributes = {
                            BuildIndependentTargetsInParallel = YES;
                     };
                     buildConfigurationList = 6733926084F346B19B6E126F /* Build configuration list for PBXProject  "readedid" */;
                     buildSettings = {
                     };
                     buildStyles = (
                            EC59F1D7F8714A5EB557AA9C /* Debug */,
                            A2A825FAB9D54AF79FF143C8 /* Release */,
                            7E44405B06334B899F78000C /* MinSizeRel */,
                            A1CC96D52044435BA1E44F0E /* RelWithDebInfo */,
                     );
                     compatibilityVersion = "Xcode 3.2";
                     hasScannedForEncodings = 0;
                     mainGroup = 0E366CFCCEE144B09DD25496;
                     projectDirPath = readEDID;
                     projectRoot = "";
                     targets = (
                            E57AC7C4A3994DDD8843C007 /* ALL_BUILD */,
                            A5DF57E3C37045F2938D8411 /* ZERO_CHECK */,
                            9974A664C4BC4B8B91054066 /* readedid */,
                     );
              };
/* End PBXProject section */

/* Begin PBXShellScriptBuildPhase section */
              A9BFC2E5C2CE4272BF2E3BFC /*  */ = {
                     isa = PBXShellScriptBuildPhase;
                     buildActionMask = 2147483647;
                     files = (
                     );
                     inputPaths = (
                     );
                     outputPaths = (
                     );
                     runOnlyForDeploymentPostprocessing = 0;
                     shellPath = /bin/sh;
                     shellScript = "# shell script goes here
exit 0";
                     showEnvVarsInLog = 0;
              };
              15E942A7DC154FA283270E8F /* CMake Rules */ = {
                     isa = PBXShellScriptBuildPhase;
                     buildActionMask = 2147483647;
                     files = (
                     );
                     name = "CMake Rules";
                     runOnlyForDeploymentPostprocessing = 0;
                     shellPath = /bin/sh;
                     shellScript = "make -C /Users/lirichard/Developer/SourceCodes/github/readEDID -f /Users/lirichard/Developer/SourceCodes/github/readEDID/CMakeScripts/ALL_BUILD_cmakeRulesBuildPhase.make$CONFIGURATION all";
                     showEnvVarsInLog = 0;
              };
              E793FD71351F455AB936EC1C /*  */ = {
                     isa = PBXShellScriptBuildPhase;
                     buildActionMask = 2147483647;
                     files = (
                     );
                     inputPaths = (
                     );
                     outputPaths = (
                     );
                     runOnlyForDeploymentPostprocessing = 0;
                     shellPath = /bin/sh;
                     shellScript = "# shell script goes here
exit 0";
                     showEnvVarsInLog = 0;
              };
              D3DF5673BE1048FCAA9FB470 /* CMake Rules */ = {
                     isa = PBXShellScriptBuildPhase;
                     buildActionMask = 2147483647;
                     files = (
                     );
                     name = "CMake Rules";
                     runOnlyForDeploymentPostprocessing = 0;
                     shellPath = /bin/sh;
                     shellScript = "make -C /Users/lirichard/Developer/SourceCodes/github/readEDID -f /Users/lirichard/Developer/SourceCodes/github/readEDID/CMakeScripts/ZERO_CHECK_cmakeRulesBuildPhase.make$CONFIGURATION all";
                     showEnvVarsInLog = 0;
              };
/* End PBXShellScriptBuildPhase section */

/* Begin PBXSourcesBuildPhase section */
              C35652CB36F54349A660D41D /* Sources */ = {
                     isa = PBXSourcesBuildPhase;
                     buildActionMask = 2147483647;
                     files = (
                            6FCFC40900D144B0AECC25C9 /* /Users/lirichard/Developer/SourceCodes/github/readEDID/readEDID/readEDID/handDisplayAll.c */,
                            86B772A06F184CEA953CA2D1 /* /Users/lirichard/Developer/SourceCodes/github/readEDID/readEDID/readEDID/handDisplayNormal.c */,
                            19BCBAF4B03D40A49E16C426 /* /Users/lirichard/Developer/SourceCodes/github/readEDID/readEDID/readEDID/handDisplayProductID.c */,
                            834E1279ABAD4315B1053025 /* /Users/lirichard/Developer/SourceCodes/github/readEDID/readEDID/readEDID/handEDID.c */,
                            89657C44503A4761803F180B /* /Users/lirichard/Developer/SourceCodes/github/readEDID/readEDID/readEDID/main.c */,
                            837B7D06DEDF4A90B98B06B4 /* /Users/lirichard/Developer/SourceCodes/github/readEDID/readEDID/readEDID/output.c */,
                            A9832FC97FCF4E55AE64EBD6 /* /Users/lirichard/Developer/SourceCodes/github/readEDID/readEDID/readEDID/usage.c */,
                     );
                     runOnlyForDeploymentPostprocessing = 0;
              };
/* End PBXSourcesBuildPhase section */

/* Begin PBXTargetDependency section */
              B1CFACDA9B654EE198889764 /* PBXTargetDependency */ = {
                     isa = PBXTargetDependency;
                     target = 9974A664C4BC4B8B91054066 /* readedid */;
                     targetProxy = 5FCA63418CF640CABDDD1482 /* PBXContainerItemProxy */;
              };
              9BC88E0119E74361B5279303 /* PBXTargetDependency */ = {
                     isa = PBXTargetDependency;
                     target = A5DF57E3C37045F2938D8411 /* ZERO_CHECK */;
                     targetProxy = 78D5730671974E6B8B41C5DB /* PBXContainerItemProxy */;
              };
              584CF16EE089448C83A603A8 /* PBXTargetDependency */ = {
                     isa = PBXTargetDependency;
                     target = A5DF57E3C37045F2938D8411 /* ZERO_CHECK */;
                     targetProxy = 8A68ED206E764C9BB79F606A /* PBXContainerItemProxy */;
              };
/* End PBXTargetDependency section */

/* Begin XCBuildConfiguration section */
              EA8516186449479EB9A7DEBA /* Debug */ = {
                     isa = XCBuildConfiguration;
                     buildSettings = {
                            ARCHS = "$(ARCHS_STANDARD_64_BIT)";
                            SDKROOT = "macosx10.9";
                            SYMROOT = /Users/lirichard/Developer/SourceCodes/github/readEDID/build;
                     };
                     name = Debug;
              };
              016BBF4CD48C489E9A1D2643 /* Release */ = {
                     isa = XCBuildConfiguration;
                     buildSettings = {
                            ARCHS = "$(ARCHS_STANDARD_64_BIT)";
                            SDKROOT = "macosx10.9";
                            SYMROOT = /Users/lirichard/Developer/SourceCodes/github/readEDID/build;
                     };
                     name = Release;
              };
              88588502C2FE4F5D9653CC0C /* MinSizeRel */ = {
                     isa = XCBuildConfiguration;
                     buildSettings = {
                            ARCHS = "$(ARCHS_STANDARD_64_BIT)";
                            SDKROOT = "macosx10.9";
                            SYMROOT = /Users/lirichard/Developer/SourceCodes/github/readEDID/build;
                     };
                     name = MinSizeRel;
              };
              0BAC9914F04C4AD0BCBC5C7F /* RelWithDebInfo */ = {
                     isa = XCBuildConfiguration;
                     buildSettings = {
                            ARCHS = "$(ARCHS_STANDARD_64_BIT)";
                            SDKROOT = "macosx10.9";
                            SYMROOT = /Users/lirichard/Developer/SourceCodes/github/readEDID/build;
                     };
                     name = RelWithDebInfo;
              };
              7EEFAD7640D1426F903EBFAC /* Debug */ = {
                     isa = XCBuildConfiguration;
                     buildSettings = {
                            COMBINE_HIDPI_IMAGES = YES;
                            GCC_GENERATE_DEBUGGING_SYMBOLS = NO;
                            GCC_INLINES_ARE_PRIVATE_EXTERN = NO;
                            GCC_OPTIMIZATION_LEVEL = 0;
                            GCC_PREPROCESSOR_DEFINITIONS = ("'CMAKE_INTDIR=\"$(CONFIGURATION)$(EFFECTIVE_PLATFORM_NAME)\"'", );
                            GCC_SYMBOLS_PRIVATE_EXTERN = NO;
                            INSTALL_PATH = "";
                            OTHER_CFLAGS = "  ";
                            OTHER_LDFLAGS = " ";
                            OTHER_REZFLAGS = "";
                            PRODUCT_NAME = ALL_BUILD;
                            SECTORDER_FLAGS = "";
                            SYMROOT = /Users/lirichard/Developer/SourceCodes/github/readEDID;
                            USE_HEADERMAP = NO;
                            WARNING_CFLAGS = ("-Wmost", "-Wno-four-char-constants", "-Wno-unknown-pragmas", );
                     };
                     name = Debug;
              };
              07A2CBFBF23C4B87B7DE4BBB /* Release */ = {
                     isa = XCBuildConfiguration;
                     buildSettings = {
                            COMBINE_HIDPI_IMAGES = YES;
                            GCC_GENERATE_DEBUGGING_SYMBOLS = NO;
                            GCC_INLINES_ARE_PRIVATE_EXTERN = NO;
                            GCC_OPTIMIZATION_LEVEL = 0;
                            GCC_PREPROCESSOR_DEFINITIONS = ("'CMAKE_INTDIR=\"$(CONFIGURATION)$(EFFECTIVE_PLATFORM_NAME)\"'", );
                            GCC_SYMBOLS_PRIVATE_EXTERN = NO;
                            INSTALL_PATH = "";
                            OTHER_CFLAGS = "  ";
                            OTHER_LDFLAGS = " ";
                            OTHER_REZFLAGS = "";
                            PRODUCT_NAME = ALL_BUILD;
                            SECTORDER_FLAGS = "";
                            SYMROOT = /Users/lirichard/Developer/SourceCodes/github/readEDID;
                            USE_HEADERMAP = NO;
                            WARNING_CFLAGS = ("-Wmost", "-Wno-four-char-constants", "-Wno-unknown-pragmas", );
                     };
                     name = Release;
              };
              F6F84774DD494A36BD45D2A3 /* MinSizeRel */ = {
                     isa = XCBuildConfiguration;
                     buildSettings = {
                            COMBINE_HIDPI_IMAGES = YES;
                            GCC_GENERATE_DEBUGGING_SYMBOLS = NO;
                            GCC_INLINES_ARE_PRIVATE_EXTERN = NO;
                            GCC_OPTIMIZATION_LEVEL = 0;
                            GCC_PREPROCESSOR_DEFINITIONS = ("'CMAKE_INTDIR=\"$(CONFIGURATION)$(EFFECTIVE_PLATFORM_NAME)\"'", );
                            GCC_SYMBOLS_PRIVATE_EXTERN = NO;
                            INSTALL_PATH = "";
                            OTHER_CFLAGS = "  ";
                            OTHER_LDFLAGS = " ";
                            OTHER_REZFLAGS = "";
                            PRODUCT_NAME = ALL_BUILD;
                            SECTORDER_FLAGS = "";
                            SYMROOT = /Users/lirichard/Developer/SourceCodes/github/readEDID;
                            USE_HEADERMAP = NO;
                            WARNING_CFLAGS = ("-Wmost", "-Wno-four-char-constants", "-Wno-unknown-pragmas", );
                     };
                     name = MinSizeRel;
              };
              036AAE9038004245BC603ECE /* RelWithDebInfo */ = {
                     isa = XCBuildConfiguration;
                     buildSettings = {
                            COMBINE_HIDPI_IMAGES = YES;
                            GCC_GENERATE_DEBUGGING_SYMBOLS = NO;
                            GCC_INLINES_ARE_PRIVATE_EXTERN = NO;
                            GCC_OPTIMIZATION_LEVEL = 0;
                            GCC_PREPROCESSOR_DEFINITIONS = ("'CMAKE_INTDIR=\"$(CONFIGURATION)$(EFFECTIVE_PLATFORM_NAME)\"'", );
                            GCC_SYMBOLS_PRIVATE_EXTERN = NO;
                            INSTALL_PATH = "";
                            OTHER_CFLAGS = "  ";
                            OTHER_LDFLAGS = " ";
                            OTHER_REZFLAGS = "";
                            PRODUCT_NAME = ALL_BUILD;
                            SECTORDER_FLAGS = "";
                            SYMROOT = /Users/lirichard/Developer/SourceCodes/github/readEDID;
                            USE_HEADERMAP = NO;
                            WARNING_CFLAGS = ("-Wmost", "-Wno-four-char-constants", "-Wno-unknown-pragmas", );
                     };
                     name = RelWithDebInfo;
              };
              85BC1AEC1A0B42479D9DA4A1 /* Debug */ = {
                     isa = XCBuildConfiguration;
                     buildSettings = {
                            COMBINE_HIDPI_IMAGES = YES;
                            GCC_GENERATE_DEBUGGING_SYMBOLS = NO;
                            GCC_INLINES_ARE_PRIVATE_EXTERN = NO;
                            GCC_OPTIMIZATION_LEVEL = 0;
                            GCC_PREPROCESSOR_DEFINITIONS = ("'CMAKE_INTDIR=\"$(CONFIGURATION)$(EFFECTIVE_PLATFORM_NAME)\"'", );
                            GCC_SYMBOLS_PRIVATE_EXTERN = NO;
                            INSTALL_PATH = "";
                            OTHER_CFLAGS = "  ";
                            OTHER_LDFLAGS = " ";
                            OTHER_REZFLAGS = "";
                            PRODUCT_NAME = ZERO_CHECK;
                            SECTORDER_FLAGS = "";
                            SYMROOT = /Users/lirichard/Developer/SourceCodes/github/readEDID;
                            USE_HEADERMAP = NO;
                            WARNING_CFLAGS = ("-Wmost", "-Wno-four-char-constants", "-Wno-unknown-pragmas", );
                     };
                     name = Debug;
              };
              D9B74F43CEB34E31AD9DF7AB /* Release */ = {
                     isa = XCBuildConfiguration;
                     buildSettings = {
                            COMBINE_HIDPI_IMAGES = YES;
                            GCC_GENERATE_DEBUGGING_SYMBOLS = NO;
                            GCC_INLINES_ARE_PRIVATE_EXTERN = NO;
                            GCC_OPTIMIZATION_LEVEL = 0;
                            GCC_PREPROCESSOR_DEFINITIONS = ("'CMAKE_INTDIR=\"$(CONFIGURATION)$(EFFECTIVE_PLATFORM_NAME)\"'", );
                            GCC_SYMBOLS_PRIVATE_EXTERN = NO;
                            INSTALL_PATH = "";
                            OTHER_CFLAGS = "  ";
                            OTHER_LDFLAGS = " ";
                            OTHER_REZFLAGS = "";
                            PRODUCT_NAME = ZERO_CHECK;
                            SECTORDER_FLAGS = "";
                            SYMROOT = /Users/lirichard/Developer/SourceCodes/github/readEDID;
                            USE_HEADERMAP = NO;
                            WARNING_CFLAGS = ("-Wmost", "-Wno-four-char-constants", "-Wno-unknown-pragmas", );
                     };
                     name = Release;
              };
              9F67B39084354BA6A466B2D8 /* MinSizeRel */ = {
                     isa = XCBuildConfiguration;
                     buildSettings = {
                            COMBINE_HIDPI_IMAGES = YES;
                            GCC_GENERATE_DEBUGGING_SYMBOLS = NO;
                            GCC_INLINES_ARE_PRIVATE_EXTERN = NO;
                            GCC_OPTIMIZATION_LEVEL = 0;
                            GCC_PREPROCESSOR_DEFINITIONS = ("'CMAKE_INTDIR=\"$(CONFIGURATION)$(EFFECTIVE_PLATFORM_NAME)\"'", );
                            GCC_SYMBOLS_PRIVATE_EXTERN = NO;
                            INSTALL_PATH = "";
                            OTHER_CFLAGS = "  ";
                            OTHER_LDFLAGS = " ";
                            OTHER_REZFLAGS = "";
                            PRODUCT_NAME = ZERO_CHECK;
                            SECTORDER_FLAGS = "";
                            SYMROOT = /Users/lirichard/Developer/SourceCodes/github/readEDID;
                            USE_HEADERMAP = NO;
                            WARNING_CFLAGS = ("-Wmost", "-Wno-four-char-constants", "-Wno-unknown-pragmas", );
                     };
                     name = MinSizeRel;
              };
              F38782C757A5476C971B5FDF /* RelWithDebInfo */ = {
                     isa = XCBuildConfiguration;
                     buildSettings = {
                            COMBINE_HIDPI_IMAGES = YES;
                            GCC_GENERATE_DEBUGGING_SYMBOLS = NO;
                            GCC_INLINES_ARE_PRIVATE_EXTERN = NO;
                            GCC_OPTIMIZATION_LEVEL = 0;
                            GCC_PREPROCESSOR_DEFINITIONS = ("'CMAKE_INTDIR=\"$(CONFIGURATION)$(EFFECTIVE_PLATFORM_NAME)\"'", );
                            GCC_SYMBOLS_PRIVATE_EXTERN = NO;
                            INSTALL_PATH = "";
                            OTHER_CFLAGS = "  ";
                            OTHER_LDFLAGS = " ";
                            OTHER_REZFLAGS = "";
                            PRODUCT_NAME = ZERO_CHECK;
                            SECTORDER_FLAGS = "";
                            SYMROOT = /Users/lirichard/Developer/SourceCodes/github/readEDID;
                            USE_HEADERMAP = NO;
                            WARNING_CFLAGS = ("-Wmost", "-Wno-four-char-constants", "-Wno-unknown-pragmas", );
                     };
                     name = RelWithDebInfo;
              };
              45AE1D63D9C94475A983B0CD /* Debug */ = {
                     isa = XCBuildConfiguration;
                     buildSettings = {
                            ARCHS = "$(ARCHS_STANDARD_64_BIT)";
                            COMBINE_HIDPI_IMAGES = YES;
                            CONFIGURATION_BUILD_DIR = /Users/lirichard/Developer/SourceCodes/github/readEDID/bin/Debug;
                            EXECUTABLE_PREFIX = "";
                            EXECUTABLE_SUFFIX = "";
                            GCC_GENERATE_DEBUGGING_SYMBOLS = YES;
                            GCC_INLINES_ARE_PRIVATE_EXTERN = NO;
                            GCC_OPTIMIZATION_LEVEL = 0;
                            GCC_PREPROCESSOR_DEFINITIONS = ("'CMAKE_INTDIR=\"$(CONFIGURATION)$(EFFECTIVE_PLATFORM_NAME)\"'", );
                            GCC_SYMBOLS_PRIVATE_EXTERN = NO;
                            INSTALL_PATH = "";
                            LIBRARY_SEARCH_PATHS = "";
                            ONLY_ACTIVE_ARCH = NO;
                            OTHER_CFLAGS = "-x objective-c     ";
                            OTHER_LDFLAGS = "-framework IOKit -framework Foundation -framework CoreGraphics -Wl,-search_paths_first -Wl,-headerpad_max_install_names  ";
                            OTHER_REZFLAGS = "";
                            PRODUCT_NAME = readedid;
                            SECTORDER_FLAGS = "";
                            SYMROOT = /Users/lirichard/Developer/SourceCodes/github/readEDID/readEDID;
                            USE_HEADERMAP = NO;
                            WARNING_CFLAGS = ("-Wmost", "-Wno-four-char-constants", "-Wno-unknown-pragmas", );
                     };
                     name = Debug;
              };
              8371EC3E0BB544B18714ECA7 /* Release */ = {
                     isa = XCBuildConfiguration;
                     buildSettings = {
                            ARCHS = "$(ARCHS_STANDARD_64_BIT)";
                            COMBINE_HIDPI_IMAGES = YES;
                            CONFIGURATION_BUILD_DIR = /Users/lirichard/Developer/SourceCodes/github/readEDID/bin/Release;
                            EXECUTABLE_PREFIX = "";
                            EXECUTABLE_SUFFIX = "";
                            GCC_GENERATE_DEBUGGING_SYMBOLS = NO;
                            GCC_INLINES_ARE_PRIVATE_EXTERN = NO;
                            GCC_OPTIMIZATION_LEVEL = 3;
                            GCC_PREPROCESSOR_DEFINITIONS = ("'CMAKE_INTDIR=\"$(CONFIGURATION)$(EFFECTIVE_PLATFORM_NAME)\"'", );
                            GCC_SYMBOLS_PRIVATE_EXTERN = NO;
                            INSTALL_PATH = "";
                            LIBRARY_SEARCH_PATHS = "";
                            ONLY_ACTIVE_ARCH = NO;
                            OTHER_CFLAGS = "-x objective-c     -DNDEBUG  ";
                            OTHER_LDFLAGS = "-framework IOKit -framework Foundation -framework CoreGraphics -Wl,-search_paths_first -Wl,-headerpad_max_install_names  ";
                            OTHER_REZFLAGS = "";
                            PRODUCT_NAME = readedid;
                            SECTORDER_FLAGS = "";
                            SYMROOT = /Users/lirichard/Developer/SourceCodes/github/readEDID/readEDID;
                            USE_HEADERMAP = NO;
                            WARNING_CFLAGS = ("-Wmost", "-Wno-four-char-constants", "-Wno-unknown-pragmas", );
                     };
                     name = Release;
              };
              3C0F630C34AA4F6E9DF73979 /* MinSizeRel */ = {
                     isa = XCBuildConfiguration;
                     buildSettings = {
                            ARCHS = "$(ARCHS_STANDARD_64_BIT)";
                            COMBINE_HIDPI_IMAGES = YES;
                            CONFIGURATION_BUILD_DIR = /Users/lirichard/Developer/SourceCodes/github/readEDID/bin/MinSizeRel;
                            EXECUTABLE_PREFIX = "";
                            EXECUTABLE_SUFFIX = "";
                            GCC_GENERATE_DEBUGGING_SYMBOLS = NO;
                            GCC_INLINES_ARE_PRIVATE_EXTERN = NO;
                            GCC_OPTIMIZATION_LEVEL = s;
                            GCC_PREPROCESSOR_DEFINITIONS = ("'CMAKE_INTDIR=\"$(CONFIGURATION)$(EFFECTIVE_PLATFORM_NAME)\"'", );
                            GCC_SYMBOLS_PRIVATE_EXTERN = NO;
                            INSTALL_PATH = "";
                            LIBRARY_SEARCH_PATHS = "";
                            ONLY_ACTIVE_ARCH = NO;
                            OTHER_CFLAGS = "-x objective-c     -DNDEBUG  ";
                            OTHER_LDFLAGS = "-framework IOKit -framework Foundation -framework CoreGraphics -Wl,-search_paths_first -Wl,-headerpad_max_install_names  ";
                            OTHER_REZFLAGS = "";
                            PRODUCT_NAME = readedid;
                            SECTORDER_FLAGS = "";
                            SYMROOT = /Users/lirichard/Developer/SourceCodes/github/readEDID/readEDID;
                            USE_HEADERMAP = NO;
                            WARNING_CFLAGS = ("-Wmost", "-Wno-four-char-constants", "-Wno-unknown-pragmas", );
                     };
                     name = MinSizeRel;
              };
              2A1E5CEF92804E0C9A4EB6DA /* RelWithDebInfo */ = {
                     isa = XCBuildConfiguration;
                     buildSettings = {
                            ARCHS = "$(ARCHS_STANDARD_64_BIT)";
                            COMBINE_HIDPI_IMAGES = YES;
                            CONFIGURATION_BUILD_DIR = /Users/lirichard/Developer/SourceCodes/github/readEDID/bin/RelWithDebInfo;
                            EXECUTABLE_PREFIX = "";
                            EXECUTABLE_SUFFIX = "";
                            GCC_GENERATE_DEBUGGING_SYMBOLS = YES;
                            GCC_INLINES_ARE_PRIVATE_EXTERN = NO;
                            GCC_OPTIMIZATION_LEVEL = 2;
                            GCC_PREPROCESSOR_DEFINITIONS = ("'CMAKE_INTDIR=\"$(CONFIGURATION)$(EFFECTIVE_PLATFORM_NAME)\"'", );
                            GCC_SYMBOLS_PRIVATE_EXTERN = NO;
                            INSTALL_PATH = "";
                            LIBRARY_SEARCH_PATHS = "";
                            ONLY_ACTIVE_ARCH = NO;
                            OTHER_CFLAGS = "-x objective-c        -DNDEBUG  ";
                            OTHER_LDFLAGS = "-framework IOKit -framework Foundation -framework CoreGraphics -Wl,-search_paths_first -Wl,-headerpad_max_install_names  ";
                            OTHER_REZFLAGS = "";
                            PRODUCT_NAME = readedid;
                            SECTORDER_FLAGS = "";
                            SYMROOT = /Users/lirichard/Developer/SourceCodes/github/readEDID/readEDID;
                            USE_HEADERMAP = NO;
                            WARNING_CFLAGS = ("-Wmost", "-Wno-four-char-constants", "-Wno-unknown-pragmas", );
                     };
                     name = RelWithDebInfo;
              };
/* End XCBuildConfiguration section */

/* Begin XCConfigurationList section */
              6733926084F346B19B6E126F /* Build configuration list for PBXProject  "readedid" */ = {
                     isa = XCConfigurationList;
                     buildConfigurations = (
                            EA8516186449479EB9A7DEBA /* Debug */,
                            016BBF4CD48C489E9A1D2643 /* Release */,
                            88588502C2FE4F5D9653CC0C /* MinSizeRel */,
                            0BAC9914F04C4AD0BCBC5C7F /* RelWithDebInfo */,
                     );
                     defaultConfigurationIsVisible = 0;
                     defaultConfigurationName = Debug;
              };
              395953D66C0941EEBF9D6198 /* Build configuration list for PBXAggregateTarget "ALL_BUILD" */ = {
                     isa = XCConfigurationList;
                     buildConfigurations = (
                            7EEFAD7640D1426F903EBFAC /* Debug */,
                            07A2CBFBF23C4B87B7DE4BBB /* Release */,
                            F6F84774DD494A36BD45D2A3 /* MinSizeRel */,
                            036AAE9038004245BC603ECE /* RelWithDebInfo */,
                     );
                     defaultConfigurationIsVisible = 0;
                     defaultConfigurationName = Debug;
              };
              68B1A74C0BC24D9195DF5B5A /* Build configuration list for PBXAggregateTarget "ZERO_CHECK" */ = {
                     isa = XCConfigurationList;
                     buildConfigurations = (
                            85BC1AEC1A0B42479D9DA4A1 /* Debug */,
                            D9B74F43CEB34E31AD9DF7AB /* Release */,
                            9F67B39084354BA6A466B2D8 /* MinSizeRel */,
                            F38782C757A5476C971B5FDF /* RelWithDebInfo */,
                     );
                     defaultConfigurationIsVisible = 0;
                     defaultConfigurationName = Debug;
              };
              AB90710723EC4AFBA69F505B /* Build configuration list for PBXNativeTarget "readedid" */ = {
                     isa = XCConfigurationList;
                     buildConfigurations = (
                            45AE1D63D9C94475A983B0CD /* Debug */,
                            8371EC3E0BB544B18714ECA7 /* Release */,
                            3C0F630C34AA4F6E9DF73979 /* MinSizeRel */,
                            2A1E5CEF92804E0C9A4EB6DA /* RelWithDebInfo */,
                     );
                     defaultConfigurationIsVisible = 0;
                     defaultConfigurationName = Debug;
              };
/* End XCConfigurationList section */
       };
       rootObject = E7637BEFFA87457FBBA8AA73;
}
