// !$*UTF8*$!
{
	archiveVersion = 1;
	classes = {
	};
	objectVersion = 46;
	objects = {

/* Begin PBXBuildFile section */
		EF50CA3619A1AB2800B8D456 /* handDisplayAll.c in Sources */ = {isa = PBXBuildFile; fileRef = EF50CA2C19A1AB2800B8D456 /* handDisplayAll.c */; };
		EF50CA3719A1AB2800B8D456 /* handDisplayNormal.c in Sources */ = {isa = PBXBuildFile; fileRef = EF50CA2D19A1AB2800B8D456 /* handDisplayNormal.c */; };
		EF50CA3819A1AB2800B8D456 /* handDisplayProductID.c in Sources */ = {isa = PBXBuildFile; fileRef = EF50CA2E19A1AB2800B8D456 /* handDisplayProductID.c */; };
		EF50CA3919A1AB2800B8D456 /* handEDID.c in Sources */ = {isa = PBXBuildFile; fileRef = EF50CA2F19A1AB2800B8D456 /* handEDID.c */; };
		EF50CA3A19A1AB2800B8D456 /* main.c in Sources */ = {isa = PBXBuildFile; fileRef = EF50CA3019A1AB2800B8D456 /* main.c */; };
		EF50CA3B19A1AB2800B8D456 /* output.c in Sources */ = {isa = PBXBuildFile; fileRef = EF50CA3219A1AB2800B8D456 /* output.c */; };
		EF50CA3C19A1AB2800B8D456 /* usage.c in Sources */ = {isa = PBXBuildFile; fileRef = EF50CA3519A1AB2800B8D456 /* usage.c */; };
		EFFCD8D9199E1500000EDBC9 /* IOKit.framework in Frameworks */ = {isa = PBXBuildFile; fileRef = EFFCD8D8199E1500000EDBC9 /* IOKit.framework */; };
		EFFCD8E9199E1C81000EDBC9 /* Foundation.framework in Frameworks */ = {isa = PBXBuildFile; fileRef = EFFCD8E8199E1C81000EDBC9 /* Foundation.framework */; };
		EFFCD8F4199F5030000EDBC9 /* CoreGraphics.framework in Frameworks */ = {isa = PBXBuildFile; fileRef = EFFCD8F3199F5030000EDBC9 /* CoreGraphics.framework */; };
/* End PBXBuildFile section */

/* Begin PBXCopyFilesBuildPhase section */
		EFFCD8C7199E1483000EDBC9 /* CopyFiles */ = {
			isa = PBXCopyFilesBuildPhase;
			buildActionMask = 2147483647;
			dstPath = /usr/share/man/man1/;
			dstSubfolderSpec = 0;
			files = (
			);
			runOnlyForDeploymentPostprocessing = 1;
		};
/* End PBXCopyFilesBuildPhase section */

/* Begin PBXFileReference section */
		EF50CA2919A1AB2800B8D456 /* bless_private.h */ = {isa = PBXFileReference; fileEncoding = 4; lastKnownFileType = sourcecode.c.h; path = bless_private.h; sourceTree = "<group>"; };
		EF50CA2A19A1AB2800B8D456 /* blessedid.h */ = {isa = PBXFileReference; fileEncoding = 4; lastKnownFileType = sourcecode.c.h; path = blessedid.h; sourceTree = "<group>"; };
		EF50CA2B19A1AB2800B8D456 /* enums.h */ = {isa = PBXFileReference; fileEncoding = 4; lastKnownFileType = sourcecode.c.h; path = enums.h; sourceTree = "<group>"; };
		EF50CA2C19A1AB2800B8D456 /* handDisplayAll.c */ = {isa = PBXFileReference; explicitFileType = sourcecode.c.objc; fileEncoding = 4; path = handDisplayAll.c; sourceTree = "<group>"; };
		EF50CA2D19A1AB2800B8D456 /* handDisplayNormal.c */ = {isa = PBXFileReference; explicitFileType = sourcecode.c.objc; fileEncoding = 4; path = handDisplayNormal.c; sourceTree = "<group>"; };
		EF50CA2E19A1AB2800B8D456 /* handDisplayProductID.c */ = {isa = PBXFileReference; explicitFileType = sourcecode.c.objc; fileEncoding = 4; path = handDisplayProductID.c; sourceTree = "<group>"; };
		EF50CA2F19A1AB2800B8D456 /* handEDID.c */ = {isa = PBXFileReference; fileEncoding = 4; lastKnownFileType = sourcecode.c.c; path = handEDID.c; sourceTree = "<group>"; };
		EF50CA3019A1AB2800B8D456 /* main.c */ = {isa = PBXFileReference; fileEncoding = 4; lastKnownFileType = sourcecode.c.c; path = main.c; sourceTree = "<group>"; };
		EF50CA3119A1AB2800B8D456 /* modes.h */ = {isa = PBXFileReference; fileEncoding = 4; lastKnownFileType = sourcecode.c.h; path = modes.h; sourceTree = "<group>"; };
		EF50CA3219A1AB2800B8D456 /* output.c */ = {isa = PBXFileReference; fileEncoding = 4; lastKnownFileType = sourcecode.c.c; path = output.c; sourceTree = "<group>"; };
		EF50CA3319A1AB2800B8D456 /* protos.h */ = {isa = PBXFileReference; fileEncoding = 4; lastKnownFileType = sourcecode.c.h; path = protos.h; sourceTree = "<group>"; };
		EF50CA3419A1AB2800B8D456 /* structs.h */ = {isa = PBXFileReference; fileEncoding = 4; lastKnownFileType = sourcecode.c.h; path = structs.h; sourceTree = "<group>"; };
		EF50CA3519A1AB2800B8D456 /* usage.c */ = {isa = PBXFileReference; fileEncoding = 4; lastKnownFileType = sourcecode.c.c; path = usage.c; sourceTree = "<group>"; };
		EF50CA3E19A1E26800B8D456 /* readedid.1 */ = {isa = PBXFileReference; lastKnownFileType = text.man; name = readedid.1; path = ../readEDID/doc/readedid.1; sourceTree = "<group>"; };
		EFFCD8C9199E1483000EDBC9 /* readEDID */ = {isa = PBXFileReference; explicitFileType = "compiled.mach-o.executable"; includeInIndex = 0; path = readEDID; sourceTree = BUILT_PRODUCTS_DIR; };
		EFFCD8D8199E1500000EDBC9 /* IOKit.framework */ = {isa = PBXFileReference; lastKnownFileType = wrapper.framework; name = IOKit.framework; path = System/Library/Frameworks/IOKit.framework; sourceTree = SDKROOT; };
		EFFCD8E8199E1C81000EDBC9 /* Foundation.framework */ = {isa = PBXFileReference; lastKnownFileType = wrapper.framework; name = Foundation.framework; path = System/Library/Frameworks/Foundation.framework; sourceTree = SDKROOT; };
		EFFCD8F3199F5030000EDBC9 /* CoreGraphics.framework */ = {isa = PBXFileReference; lastKnownFileType = wrapper.framework; name = CoreGraphics.framework; path = System/Library/Frameworks/CoreGraphics.framework; sourceTree = SDKROOT; };
/* End PBXFileReference section */

/* Begin PBXFrameworksBuildPhase section */
		EFFCD8C6199E1483000EDBC9 /* Frameworks */ = {
			isa = PBXFrameworksBuildPhase;
			buildActionMask = 2147483647;
			files = (
				EFFCD8F4199F5030000EDBC9 /* CoreGraphics.framework in Frameworks */,
				EFFCD8E9199E1C81000EDBC9 /* Foundation.framework in Frameworks */,
				EFFCD8D9199E1500000EDBC9 /* IOKit.framework in Frameworks */,
			);
			runOnlyForDeploymentPostprocessing = 0;
		};
/* End PBXFrameworksBuildPhase section */

/* Begin PBXGroup section */
		EFFCD8C0199E1483000EDBC9 = {
			isa = PBXGroup;
			children = (
				EFFCD8CE199E1484000EDBC9 /* readEDID */,
				EFFCD8E3199E1776000EDBC9 /* Documentation */,
				EFFCD8CB199E1483000EDBC9 /* Frameworks */,
				EFFCD8CA199E1483000EDBC9 /* Products */,
			);
			sourceTree = "<group>";
		};
		EFFCD8CA199E1483000EDBC9 /* Products */ = {
			isa = PBXGroup;
			children = (
				EFFCD8C9199E1483000EDBC9 /* readEDID */,
			);
			name = Products;
			sourceTree = "<group>";
		};
		EFFCD8CB199E1483000EDBC9 /* Frameworks */ = {
			isa = PBXGroup;
			children = (
				EFFCD8F3199F5030000EDBC9 /* CoreGraphics.framework */,
				EFFCD8E8199E1C81000EDBC9 /* Foundation.framework */,
				EFFCD8D8199E1500000EDBC9 /* IOKit.framework */,
			);
			name = Frameworks;
			sourceTree = "<group>";
		};
		EFFCD8CE199E1484000EDBC9 /* readEDID */ = {
			isa = PBXGroup;
			children = (
				EF50CA2919A1AB2800B8D456 /* bless_private.h */,
				EF50CA2A19A1AB2800B8D456 /* blessedid.h */,
				EF50CA2B19A1AB2800B8D456 /* enums.h */,
				EF50CA2C19A1AB2800B8D456 /* handDisplayAll.c */,
				EF50CA2D19A1AB2800B8D456 /* handDisplayNormal.c */,
				EF50CA2E19A1AB2800B8D456 /* handDisplayProductID.c */,
				EF50CA2F19A1AB2800B8D456 /* handEDID.c */,
				EF50CA3019A1AB2800B8D456 /* main.c */,
				EF50CA3119A1AB2800B8D456 /* modes.h */,
				EF50CA3219A1AB2800B8D456 /* output.c */,
				EF50CA3319A1AB2800B8D456 /* protos.h */,
				EF50CA3419A1AB2800B8D456 /* structs.h */,
				EF50CA3519A1AB2800B8D456 /* usage.c */,
			);
			name = readEDID;
			path = ../readEDID/readEDID;
			sourceTree = "<group>";
		};
		EFFCD8E3199E1776000EDBC9 /* Documentation */ = {
			isa = PBXGroup;
			children = (
				EF50CA3E19A1E26800B8D456 /* readedid.1 */,
			);
			name = Documentation;
			sourceTree = "<group>";
		};
/* End PBXGroup section */

/* Begin PBXNativeTarget section */
		EFFCD8C8199E1483000EDBC9 /* readEDID */ = {
			isa = PBXNativeTarget;
			buildConfigurationList = EFFCD8D5199E1484000EDBC9 /* Build configuration list for PBXNativeTarget "readEDID" */;
			buildPhases = (
				EFFCD8C5199E1483000EDBC9 /* Sources */,
				EFFCD8C6199E1483000EDBC9 /* Frameworks */,
				EFFCD8C7199E1483000EDBC9 /* CopyFiles */,
			);
			buildRules = (
			);
			dependencies = (
			);
			name = readEDID;
			productName = readEDID;
			productReference = EFFCD8C9199E1483000EDBC9 /* readEDID */;
			productType = "com.apple.product-type.tool";
		};
/* End PBXNativeTarget section */

/* Begin PBXProject section */
		EFFCD8C1199E1483000EDBC9 /* Project object */ = {
			isa = PBXProject;
			attributes = {
				LastUpgradeCheck = 0510;
				ORGANIZATIONNAME = "Richard Li";
			};
			buildConfigurationList = EFFCD8C4199E1483000EDBC9 /* Build configuration list for PBXProject "readEDID" */;
			compatibilityVersion = "Xcode 3.2";
			developmentRegion = English;
			hasScannedForEncodings = 0;
			knownRegions = (
				en,
			);
			mainGroup = EFFCD8C0199E1483000EDBC9;
			productRefGroup = EFFCD8CA199E1483000EDBC9 /* Products */;
			projectDirPath = "";
			projectRoot = "";
			targets = (
				EFFCD8C8199E1483000EDBC9 /* readEDID */,
			);
		};
/* End PBXProject section */

/* Begin PBXSourcesBuildPhase section */
		EFFCD8C5199E1483000EDBC9 /* Sources */ = {
			isa = PBXSourcesBuildPhase;
			buildActionMask = 2147483647;
			files = (
				EF50CA3B19A1AB2800B8D456 /* output.c in Sources */,
				EF50CA3C19A1AB2800B8D456 /* usage.c in Sources */,
				EF50CA3A19A1AB2800B8D456 /* main.c in Sources */,
				EF50CA3919A1AB2800B8D456 /* handEDID.c in Sources */,
				EF50CA3719A1AB2800B8D456 /* handDisplayNormal.c in Sources */,
				EF50CA3819A1AB2800B8D456 /* handDisplayProductID.c in Sources */,
				EF50CA3619A1AB2800B8D456 /* handDisplayAll.c in Sources */,
			);
			runOnlyForDeploymentPostprocessing = 0;
		};
/* End PBXSourcesBuildPhase section */

/* Begin XCBuildConfiguration section */
		EFFCD8D3199E1484000EDBC9 /* Debug */ = {
			isa = XCBuildConfiguration;
			buildSettings = {
				ALWAYS_SEARCH_USER_PATHS = NO;
				CLANG_CXX_LANGUAGE_STANDARD = "gnu++0x";
				CLANG_CXX_LIBRARY = "libc++";
				CLANG_ENABLE_MODULES = YES;
				CLANG_ENABLE_OBJC_ARC = YES;
				CLANG_WARN_BOOL_CONVERSION = YES;
				CLANG_WARN_CONSTANT_CONVERSION = YES;
				CLANG_WARN_DIRECT_OBJC_ISA_USAGE = YES_ERROR;
				CLANG_WARN_EMPTY_BODY = YES;
				CLANG_WARN_ENUM_CONVERSION = YES;
				CLANG_WARN_INT_CONVERSION = YES;
				CLANG_WARN_OBJC_ROOT_CLASS = YES_ERROR;
				CLANG_WARN__DUPLICATE_METHOD_MATCH = YES;
				COPY_PHASE_STRIP = NO;
				GCC_C_LANGUAGE_STANDARD = gnu99;
				GCC_DYNAMIC_NO_PIC = NO;
				GCC_ENABLE_OBJC_EXCEPTIONS = YES;
				GCC_OPTIMIZATION_LEVEL = 0;
				GCC_PREPROCESSOR_DEFINITIONS = (
					"DEBUG=1",
					"$(inherited)",
				);
				GCC_SYMBOLS_PRIVATE_EXTERN = NO;
				GCC_WARN_64_TO_32_BIT_CONVERSION = YES;
				GCC_WARN_ABOUT_RETURN_TYPE = YES_ERROR;
				GCC_WARN_UNDECLARED_SELECTOR = YES;
				GCC_WARN_UNINITIALIZED_AUTOS = YES_AGGRESSIVE;
				GCC_WARN_UNUSED_FUNCTION = YES;
				GCC_WARN_UNUSED_VARIABLE = YES;
				MACOSX_DEPLOYMENT_TARGET = 10.6;
				ONLY_ACTIVE_ARCH = YES;
				SDKROOT = macosx;
			};
			name = Debug;
		};
		EFFCD8D4199E1484000EDBC9 /* Release */ = {
			isa = XCBuildConfiguration;
			buildSettings = {
				ALWAYS_SEARCH_USER_PATHS = NO;
				CLANG_CXX_LANGUAGE_STANDARD = "gnu++0x";
				CLANG_CXX_LIBRARY = "libc++";
				CLANG_ENABLE_MODULES = YES;
				CLANG_ENABLE_OBJC_ARC = YES;
				CLANG_WARN_BOOL_CONVERSION = YES;
				CLANG_WARN_CONSTANT_CONVERSION = YES;
				CLANG_WARN_DIRECT_OBJC_ISA_USAGE = YES_ERROR;
				CLANG_WARN_EMPTY_BODY = YES;
				CLANG_WARN_ENUM_CONVERSION = YES;
				CLANG_WARN_INT_CONVERSION = YES;
				CLANG_WARN_OBJC_ROOT_CLASS = YES_ERROR;
				CLANG_WARN__DUPLICATE_METHOD_MATCH = YES;
				COPY_PHASE_STRIP = YES;
				DEBUG_INFORMATION_FORMAT = "dwarf-with-dsym";
				ENABLE_NS_ASSERTIONS = NO;
				GCC_C_LANGUAGE_STANDARD = gnu99;
				GCC_ENABLE_OBJC_EXCEPTIONS = YES;
				GCC_WARN_64_TO_32_BIT_CONVERSION = YES;
				GCC_WARN_ABOUT_RETURN_TYPE = YES_ERROR;
				GCC_WARN_UNDECLARED_SELECTOR = YES;
				GCC_WARN_UNINITIALIZED_AUTOS = YES_AGGRESSIVE;
				GCC_WARN_UNUSED_FUNCTION = YES;
				GCC_WARN_UNUSED_VARIABLE = YES;
				MACOSX_DEPLOYMENT_TARGET = 10.6;
				SDKROOT = macosx;
			};
			name = Release;
		};
		EFFCD8D6199E1484000EDBC9 /* Debug */ = {
			isa = XCBuildConfiguration;
			buildSettings = {
				GCC_C_LANGUAGE_STANDARD = gnu99;
				MACOSX_DEPLOYMENT_TARGET = 10.6;
				PRODUCT_NAME = "$(TARGET_NAME)";
			};
			name = Debug;
		};
		EFFCD8D7199E1484000EDBC9 /* Release */ = {
			isa = XCBuildConfiguration;
			buildSettings = {
				GCC_C_LANGUAGE_STANDARD = gnu99;
				MACOSX_DEPLOYMENT_TARGET = 10.6;
				PRODUCT_NAME = "$(TARGET_NAME)";
			};
			name = Release;
		};
/* End XCBuildConfiguration section */

/* Begin XCConfigurationList section */
		EFFCD8C4199E1483000EDBC9 /* Build configuration list for PBXProject "readEDID" */ = {
			isa = XCConfigurationList;
			buildConfigurations = (
				EFFCD8D3199E1484000EDBC9 /* Debug */,
				EFFCD8D4199E1484000EDBC9 /* Release */,
			);
			defaultConfigurationIsVisible = 0;
			defaultConfigurationName = Release;
		};
		EFFCD8D5199E1484000EDBC9 /* Build configuration list for PBXNativeTarget "readEDID" */ = {
			isa = XCConfigurationList;
			buildConfigurations = (
				EFFCD8D6199E1484000EDBC9 /* Debug */,
				EFFCD8D7199E1484000EDBC9 /* Release */,
			);
			defaultConfigurationIsVisible = 0;
			defaultConfigurationName = Release;
		};
/* End XCConfigurationList section */
	};
	rootObject = EFFCD8C1199E1483000EDBC9 /* Project object */;
}
